
Microsoft Visual Studio Solution File, Format Version 12.00
# Visual Studio 15
VisualStudioVersion = 15.0.26730.12
MinimumVisualStudioVersion = 10.0.40219.1
Project("{FAE04EC0-301F-11D3-BF4B-00C04F79EFBC}") = "P2-02. Controls", "P2-02. Controls\P2-02. Controls.csproj", "{AF1108B0-9AF1-4FF7-A1DD-70EED55464CB}"
EndProject
Global
	GlobalSection(SolutionConfigurationPlatforms) = preSolution
		Debug|Any CPU = Debug|Any CPU
		Release|Any CPU = Release|Any CPU
	EndGlobalSection
	GlobalSection(ProjectConfigurationPlatforms) = postSolution
		{AF1108B0-9AF1-4FF7-A1DD-70EED55464CB}.Debug|Any CPU.ActiveCfg = Debug|Any CPU
		{AF1108B0-9AF1-4FF7-A1DD-70EED55464CB}.Debug|Any CPU.Build.0 = Debug|Any CPU
		{AF1108B0-9AF1-4FF7-A1DD-70EED55464CB}.Release|Any CPU.ActiveCfg = Release|Any CPU
		{AF1108B0-9AF1-4FF7-A1DD-70EED55464CB}.Release|Any CPU.Build.0 = Release|Any CPU
	EndGlobalSection
	GlobalSection(SolutionProperties) = preSolution
		HideSolutionNode = FALSE
	EndGlobalSection
	GlobalSection(ExtensibilityGlobals) = postSolution
		SolutionGuid = {950FFEC9-C454-4176-BADE-846EC4B391FE}
	EndGlobalSection
EndGlobal
